
Microsoft Visual Studio Solution File, Format Version 12.00
# Visual Studio Version 16
VisualStudioVersion = 16.0.30907.101
MinimumVisualStudioVersion = 10.0.40219.1
Project("{FAE04EC0-301F-11D3-BF4B-00C04F79EFBC}") = "RequestLimit", "RequestLimit\RequestLimit.csproj", "{C7C97B08-06AA-49DB-965E-B2AEBBECF2E5}"
EndProject
Global
	GlobalSection(SolutionConfigurationPlatforms) = preSolution
		Debug|Any CPU = Debug|Any CPU
		Release|Any CPU = Release|Any CPU
	EndGlobalSection
	GlobalSection(ProjectConfigurationPlatforms) = postSolution
		{C7C97B08-06AA-49DB-965E-B2AEBBECF2E5}.Debug|Any CPU.ActiveCfg = Debug|Any CPU
		{C7C97B08-06AA-49DB-965E-B2AEBBECF2E5}.Debug|Any CPU.Build.0 = Debug|Any CPU
		{C7C97B08-06AA-49DB-965E-B2AEBBECF2E5}.Release|Any CPU.ActiveCfg = Release|Any CPU
		{C7C97B08-06AA-49DB-965E-B2AEBBECF2E5}.Release|Any CPU.Build.0 = Release|Any CPU
	EndGlobalSection
	GlobalSection(SolutionProperties) = preSolution
		HideSolutionNode = FALSE
	EndGlobalSection
	GlobalSection(ExtensibilityGlobals) = postSolution
		SolutionGuid = {AF7BB45D-6BBE-4BB1-92B6-8FEC08473B42}
	EndGlobalSection
EndGlobal
